
Microsoft Visual Studio Solution File, Format Version 12.00
# Visual Studio 15
VisualStudioVersion = 15.0.26730.15
MinimumVisualStudioVersion = 10.0.40219.1
Project("{FAE04EC0-301F-11D3-BF4B-00C04F79EFBC}") = "Pillar_Pencil_Kata", "Pillar_Pencil_Kata\Pillar_Pencil_Kata.csproj", "{42C6D30A-8BAB-4F27-939B-5C4A9B05CF46}"
EndProject
Project("{FAE04EC0-301F-11D3-BF4B-00C04F79EFBC}") = "UnitTestProject1", "UnitTestProject1\UnitTestProject1.csproj", "{3CA3A52E-641B-4D2F-BBB1-4EFD8F728010}"
EndProject
Global
	GlobalSection(SolutionConfigurationPlatforms) = preSolution
		Debug|Any CPU = Debug|Any CPU
		Release|Any CPU = Release|Any CPU
	EndGlobalSection
	GlobalSection(ProjectConfigurationPlatforms) = postSolution
		{42C6D30A-8BAB-4F27-939B-5C4A9B05CF46}.Debug|Any CPU.ActiveCfg = Debug|Any CPU
		{42C6D30A-8BAB-4F27-939B-5C4A9B05CF46}.Debug|Any CPU.Build.0 = Debug|Any CPU
		{42C6D30A-8BAB-4F27-939B-5C4A9B05CF46}.Release|Any CPU.ActiveCfg = Release|Any CPU
		{42C6D30A-8BAB-4F27-939B-5C4A9B05CF46}.Release|Any CPU.Build.0 = Release|Any CPU
		{3CA3A52E-641B-4D2F-BBB1-4EFD8F728010}.Debug|Any CPU.ActiveCfg = Debug|Any CPU
		{3CA3A52E-641B-4D2F-BBB1-4EFD8F728010}.Debug|Any CPU.Build.0 = Debug|Any CPU
		{3CA3A52E-641B-4D2F-BBB1-4EFD8F728010}.Release|Any CPU.ActiveCfg = Release|Any CPU
		{3CA3A52E-641B-4D2F-BBB1-4EFD8F728010}.Release|Any CPU.Build.0 = Release|Any CPU
	EndGlobalSection
	GlobalSection(SolutionProperties) = preSolution
		HideSolutionNode = FALSE
	EndGlobalSection
	GlobalSection(ExtensibilityGlobals) = postSolution
		SolutionGuid = {3E99DCFA-0192-42E0-9427-E4E9E0B030C6}
	EndGlobalSection
EndGlobal
